// !$*UTF8*$!
{
	archiveVersion = 1;
	classes = {
	};
	objectVersion = 55;
	objects = {

/* Begin PBXBuildFile section */
		84F3FE516CB81D24ECFD55E0 /* Pods_MVVMCoordinator.framework in Frameworks */ = {isa = PBXBuildFile; fileRef = E86D94DFAD2AE75CBE2654A6 /* Pods_MVVMCoordinator.framework */; };
		DB8732CE27C3368F00AF5C4E /* AppDelegate.swift in Sources */ = {isa = PBXBuildFile; fileRef = DB8732CD27C3368F00AF5C4E /* AppDelegate.swift */; };
		DB8732D227C3368F00AF5C4E /* LoginViewController.swift in Sources */ = {isa = PBXBuildFile; fileRef = DB8732D127C3368F00AF5C4E /* LoginViewController.swift */; };
		DB8732D527C3368F00AF5C4E /* Main.storyboard in Resources */ = {isa = PBXBuildFile; fileRef = DB8732D327C3368F00AF5C4E /* Main.storyboard */; };
		DB8732D727C3369200AF5C4E /* Assets.xcassets in Resources */ = {isa = PBXBuildFile; fileRef = DB8732D627C3369200AF5C4E /* Assets.xcassets */; };
		DB8732DA27C3369200AF5C4E /* LaunchScreen.storyboard in Resources */ = {isa = PBXBuildFile; fileRef = DB8732D827C3369200AF5C4E /* LaunchScreen.storyboard */; };
		DB8732E527C3369200AF5C4E /* MVVMCoordinatorTests.swift in Sources */ = {isa = PBXBuildFile; fileRef = DB8732E427C3369200AF5C4E /* MVVMCoordinatorTests.swift */; };
		DB8732EF27C3369200AF5C4E /* MVVMCoordinatorUITests.swift in Sources */ = {isa = PBXBuildFile; fileRef = DB8732EE27C3369200AF5C4E /* MVVMCoordinatorUITests.swift */; };
		DB8732F127C3369200AF5C4E /* MVVMCoordinatorUITestsLaunchTests.swift in Sources */ = {isa = PBXBuildFile; fileRef = DB8732F027C3369200AF5C4E /* MVVMCoordinatorUITestsLaunchTests.swift */; };
		DB8732FE27C362A800AF5C4E /* AppCoordinator.swift in Sources */ = {isa = PBXBuildFile; fileRef = DB8732FD27C362A800AF5C4E /* AppCoordinator.swift */; };
		DB87330027C36E1200AF5C4E /* LoginViewModel.swift in Sources */ = {isa = PBXBuildFile; fileRef = DB8732FF27C36E1200AF5C4E /* LoginViewModel.swift */; };
		DB87330527C3720400AF5C4E /* SignInResponse.swift in Sources */ = {isa = PBXBuildFile; fileRef = DB87330427C3720400AF5C4E /* SignInResponse.swift */; };
		DB87330727C3726900AF5C4E /* Authentication.swift in Sources */ = {isa = PBXBuildFile; fileRef = DB87330627C3726900AF5C4E /* Authentication.swift */; };
		DB87330927C373C500AF5C4E /* SessionService.swift in Sources */ = {isa = PBXBuildFile; fileRef = DB87330827C373C500AF5C4E /* SessionService.swift */; };
		DB87330B27C378A000AF5C4E /* HomeViewController.swift in Sources */ = {isa = PBXBuildFile; fileRef = DB87330A27C378A000AF5C4E /* HomeViewController.swift */; };
		DBAD8B3727CCCB8700516B26 /* Repository.swift in Sources */ = {isa = PBXBuildFile; fileRef = DBAD8B3627CCCB8700516B26 /* Repository.swift */; };
		DBAD8B3927CCCC8700516B26 /* RepositoryListViewModel.swift in Sources */ = {isa = PBXBuildFile; fileRef = DBAD8B3827CCCC8700516B26 /* RepositoryListViewModel.swift */; };
		DBAD8B3B27CCCCA800516B26 /* RepositoryViewModel.swift in Sources */ = {isa = PBXBuildFile; fileRef = DBAD8B3A27CCCCA800516B26 /* RepositoryViewModel.swift */; };
		DBAD8B3F27CCD3F500516B26 /* RepositoryTableViewCell.swift in Sources */ = {isa = PBXBuildFile; fileRef = DBAD8B3D27CCD3F500516B26 /* RepositoryTableViewCell.swift */; };
		DBAD8B4027CCD3F500516B26 /* RepositoryTableViewCell.xib in Resources */ = {isa = PBXBuildFile; fileRef = DBAD8B3E27CCD3F500516B26 /* RepositoryTableViewCell.xib */; };
		DBAD8B4327CCDC6500516B26 /* LanguageListTableViewCell.swift in Sources */ = {isa = PBXBuildFile; fileRef = DBAD8B4127CCDC6500516B26 /* LanguageListTableViewCell.swift */; };
		DBAD8B4427CCDC6500516B26 /* LanguageListTableViewCell.xib in Resources */ = {isa = PBXBuildFile; fileRef = DBAD8B4227CCDC6500516B26 /* LanguageListTableViewCell.xib */; };
		DBAD8B4727CCDCCE00516B26 /* LanguageListViewController.swift in Sources */ = {isa = PBXBuildFile; fileRef = DBAD8B4527CCDCCE00516B26 /* LanguageListViewController.swift */; };
		DBAD8B4827CCDCCE00516B26 /* LanguageListViewController.xib in Resources */ = {isa = PBXBuildFile; fileRef = DBAD8B4627CCDCCE00516B26 /* LanguageListViewController.xib */; };
		DBAD8B4B27CCDD0A00516B26 /* RepoListViewController.swift in Sources */ = {isa = PBXBuildFile; fileRef = DBAD8B4927CCDD0A00516B26 /* RepoListViewController.swift */; };
		DBAD8B4C27CCDD0A00516B26 /* RepoListViewController.xib in Resources */ = {isa = PBXBuildFile; fileRef = DBAD8B4A27CCDD0A00516B26 /* RepoListViewController.xib */; };
		DBAD8B4E27CDC34100516B26 /* LanguageListViewModel.swift in Sources */ = {isa = PBXBuildFile; fileRef = DBAD8B4D27CDC34100516B26 /* LanguageListViewModel.swift */; };
		DBAD8B5127CDC5CE00516B26 /* GithubService.swift in Sources */ = {isa = PBXBuildFile; fileRef = DBAD8B5027CDC5CE00516B26 /* GithubService.swift */; };
/* End PBXBuildFile section */

/* Begin PBXContainerItemProxy section */
		DB8732E127C3369200AF5C4E /* PBXContainerItemProxy */ = {
			isa = PBXContainerItemProxy;
			containerPortal = DB8732C227C3368F00AF5C4E /* Project object */;
			proxyType = 1;
			remoteGlobalIDString = DB8732C927C3368F00AF5C4E;
			remoteInfo = MVVMCoordinator;
		};
		DB8732EB27C3369200AF5C4E /* PBXContainerItemProxy */ = {
			isa = PBXContainerItemProxy;
			containerPortal = DB8732C227C3368F00AF5C4E /* Project object */;
			proxyType = 1;
			remoteGlobalIDString = DB8732C927C3368F00AF5C4E;
			remoteInfo = MVVMCoordinator;
		};
/* End PBXContainerItemProxy section */

/* Begin PBXFileReference section */
		1FA07E08D2EF65E504EA4FC9 /* Pods-MVVMCoordinator.debug.xcconfig */ = {isa = PBXFileReference; includeInIndex = 1; lastKnownFileType = text.xcconfig; name = "Pods-MVVMCoordinator.debug.xcconfig"; path = "Target Support Files/Pods-MVVMCoordinator/Pods-MVVMCoordinator.debug.xcconfig"; sourceTree = "<group>"; };
		4F30AA61425F7BCE83210A7F /* Pods-MVVMCoordinator.release.xcconfig */ = {isa = PBXFileReference; includeInIndex = 1; lastKnownFileType = text.xcconfig; name = "Pods-MVVMCoordinator.release.xcconfig"; path = "Target Support Files/Pods-MVVMCoordinator/Pods-MVVMCoordinator.release.xcconfig"; sourceTree = "<group>"; };
		DB8732CA27C3368F00AF5C4E /* MVVMCoordinator.app */ = {isa = PBXFileReference; explicitFileType = wrapper.application; includeInIndex = 0; path = MVVMCoordinator.app; sourceTree = BUILT_PRODUCTS_DIR; };
		DB8732CD27C3368F00AF5C4E /* AppDelegate.swift */ = {isa = PBXFileReference; lastKnownFileType = sourcecode.swift; path = AppDelegate.swift; sourceTree = "<group>"; };
		DB8732D127C3368F00AF5C4E /* LoginViewController.swift */ = {isa = PBXFileReference; lastKnownFileType = sourcecode.swift; path = LoginViewController.swift; sourceTree = "<group>"; };
		DB8732D427C3368F00AF5C4E /* Base */ = {isa = PBXFileReference; lastKnownFileType = file.storyboard; name = Base; path = Base.lproj/Main.storyboard; sourceTree = "<group>"; };
		DB8732D627C3369200AF5C4E /* Assets.xcassets */ = {isa = PBXFileReference; lastKnownFileType = folder.assetcatalog; path = Assets.xcassets; sourceTree = "<group>"; };
		DB8732D927C3369200AF5C4E /* Base */ = {isa = PBXFileReference; lastKnownFileType = file.storyboard; name = Base; path = Base.lproj/LaunchScreen.storyboard; sourceTree = "<group>"; };
		DB8732DB27C3369200AF5C4E /* Info.plist */ = {isa = PBXFileReference; lastKnownFileType = text.plist.xml; path = Info.plist; sourceTree = "<group>"; };
		DB8732E027C3369200AF5C4E /* MVVMCoordinatorTests.xctest */ = {isa = PBXFileReference; explicitFileType = wrapper.cfbundle; includeInIndex = 0; path = MVVMCoordinatorTests.xctest; sourceTree = BUILT_PRODUCTS_DIR; };
		DB8732E427C3369200AF5C4E /* MVVMCoordinatorTests.swift */ = {isa = PBXFileReference; lastKnownFileType = sourcecode.swift; path = MVVMCoordinatorTests.swift; sourceTree = "<group>"; };
		DB8732EA27C3369200AF5C4E /* MVVMCoordinatorUITests.xctest */ = {isa = PBXFileReference; explicitFileType = wrapper.cfbundle; includeInIndex = 0; path = MVVMCoordinatorUITests.xctest; sourceTree = BUILT_PRODUCTS_DIR; };
		DB8732EE27C3369200AF5C4E /* MVVMCoordinatorUITests.swift */ = {isa = PBXFileReference; lastKnownFileType = sourcecode.swift; path = MVVMCoordinatorUITests.swift; sourceTree = "<group>"; };
		DB8732F027C3369200AF5C4E /* MVVMCoordinatorUITestsLaunchTests.swift */ = {isa = PBXFileReference; lastKnownFileType = sourcecode.swift; path = MVVMCoordinatorUITestsLaunchTests.swift; sourceTree = "<group>"; };
		DB8732FD27C362A800AF5C4E /* AppCoordinator.swift */ = {isa = PBXFileReference; lastKnownFileType = sourcecode.swift; path = AppCoordinator.swift; sourceTree = "<group>"; };
		DB8732FF27C36E1200AF5C4E /* LoginViewModel.swift */ = {isa = PBXFileReference; lastKnownFileType = sourcecode.swift; path = LoginViewModel.swift; sourceTree = "<group>"; };
		DB87330427C3720400AF5C4E /* SignInResponse.swift */ = {isa = PBXFileReference; lastKnownFileType = sourcecode.swift; path = SignInResponse.swift; sourceTree = "<group>"; };
		DB87330627C3726900AF5C4E /* Authentication.swift */ = {isa = PBXFileReference; lastKnownFileType = sourcecode.swift; path = Authentication.swift; sourceTree = "<group>"; };
		DB87330827C373C500AF5C4E /* SessionService.swift */ = {isa = PBXFileReference; lastKnownFileType = sourcecode.swift; path = SessionService.swift; sourceTree = "<group>"; };
		DB87330A27C378A000AF5C4E /* HomeViewController.swift */ = {isa = PBXFileReference; lastKnownFileType = sourcecode.swift; path = HomeViewController.swift; sourceTree = "<group>"; };
		DBAD8B3627CCCB8700516B26 /* Repository.swift */ = {isa = PBXFileReference; lastKnownFileType = sourcecode.swift; path = Repository.swift; sourceTree = "<group>"; };
		DBAD8B3827CCCC8700516B26 /* RepositoryListViewModel.swift */ = {isa = PBXFileReference; lastKnownFileType = sourcecode.swift; path = RepositoryListViewModel.swift; sourceTree = "<group>"; };
		DBAD8B3A27CCCCA800516B26 /* RepositoryViewModel.swift */ = {isa = PBXFileReference; lastKnownFileType = sourcecode.swift; path = RepositoryViewModel.swift; sourceTree = "<group>"; };
		DBAD8B3D27CCD3F500516B26 /* RepositoryTableViewCell.swift */ = {isa = PBXFileReference; lastKnownFileType = sourcecode.swift; path = RepositoryTableViewCell.swift; sourceTree = "<group>"; };
		DBAD8B3E27CCD3F500516B26 /* RepositoryTableViewCell.xib */ = {isa = PBXFileReference; lastKnownFileType = file.xib; path = RepositoryTableViewCell.xib; sourceTree = "<group>"; };
		DBAD8B4127CCDC6500516B26 /* LanguageListTableViewCell.swift */ = {isa = PBXFileReference; lastKnownFileType = sourcecode.swift; path = LanguageListTableViewCell.swift; sourceTree = "<group>"; };
		DBAD8B4227CCDC6500516B26 /* LanguageListTableViewCell.xib */ = {isa = PBXFileReference; lastKnownFileType = file.xib; path = LanguageListTableViewCell.xib; sourceTree = "<group>"; };
		DBAD8B4527CCDCCE00516B26 /* LanguageListViewController.swift */ = {isa = PBXFileReference; lastKnownFileType = sourcecode.swift; path = LanguageListViewController.swift; sourceTree = "<group>"; };
		DBAD8B4627CCDCCE00516B26 /* LanguageListViewController.xib */ = {isa = PBXFileReference; lastKnownFileType = file.xib; path = LanguageListViewController.xib; sourceTree = "<group>"; };
		DBAD8B4927CCDD0A00516B26 /* RepoListViewController.swift */ = {isa = PBXFileReference; lastKnownFileType = sourcecode.swift; path = RepoListViewController.swift; sourceTree = "<group>"; };
		DBAD8B4A27CCDD0A00516B26 /* RepoListViewController.xib */ = {isa = PBXFileReference; lastKnownFileType = file.xib; path = RepoListViewController.xib; sourceTree = "<group>"; };
		DBAD8B4D27CDC34100516B26 /* LanguageListViewModel.swift */ = {isa = PBXFileReference; lastKnownFileType = sourcecode.swift; path = LanguageListViewModel.swift; sourceTree = "<group>"; };
		DBAD8B5027CDC5CE00516B26 /* GithubService.swift */ = {isa = PBXFileReference; lastKnownFileType = sourcecode.swift; path = GithubService.swift; sourceTree = "<group>"; };
		E86D94DFAD2AE75CBE2654A6 /* Pods_MVVMCoordinator.framework */ = {isa = PBXFileReference; explicitFileType = wrapper.framework; includeInIndex = 0; path = Pods_MVVMCoordinator.framework; sourceTree = BUILT_PRODUCTS_DIR; };
/* End PBXFileReference section */

/* Begin PBXFrameworksBuildPhase section */
		DB8732C727C3368F00AF5C4E /* Frameworks */ = {
			isa = PBXFrameworksBuildPhase;
			buildActionMask = 2147483647;
			files = (
				84F3FE516CB81D24ECFD55E0 /* Pods_MVVMCoordinator.framework in Frameworks */,
			);
			runOnlyForDeploymentPostprocessing = 0;
		};
		DB8732DD27C3369200AF5C4E /* Frameworks */ = {
			isa = PBXFrameworksBuildPhase;
			buildActionMask = 2147483647;
			files = (
			);
			runOnlyForDeploymentPostprocessing = 0;
		};
		DB8732E727C3369200AF5C4E /* Frameworks */ = {
			isa = PBXFrameworksBuildPhase;
			buildActionMask = 2147483647;
			files = (
			);
			runOnlyForDeploymentPostprocessing = 0;
		};
/* End PBXFrameworksBuildPhase section */

/* Begin PBXGroup section */
		04ABD5B56400F1DEA2846915 /* Frameworks */ = {
			isa = PBXGroup;
			children = (
				E86D94DFAD2AE75CBE2654A6 /* Pods_MVVMCoordinator.framework */,
			);
			name = Frameworks;
			sourceTree = "<group>";
		};
		11EAA22C8169AE93DAD8018B /* Pods */ = {
			isa = PBXGroup;
			children = (
				1FA07E08D2EF65E504EA4FC9 /* Pods-MVVMCoordinator.debug.xcconfig */,
				4F30AA61425F7BCE83210A7F /* Pods-MVVMCoordinator.release.xcconfig */,
			);
			path = Pods;
			sourceTree = "<group>";
		};
		DB8732C127C3368F00AF5C4E = {
			isa = PBXGroup;
			children = (
				DB8732CC27C3368F00AF5C4E /* MVVMCoordinator */,
				DB8732E327C3369200AF5C4E /* MVVMCoordinatorTests */,
				DB8732ED27C3369200AF5C4E /* MVVMCoordinatorUITests */,
				DB8732CB27C3368F00AF5C4E /* Products */,
				11EAA22C8169AE93DAD8018B /* Pods */,
				04ABD5B56400F1DEA2846915 /* Frameworks */,
			);
			sourceTree = "<group>";
		};
		DB8732CB27C3368F00AF5C4E /* Products */ = {
			isa = PBXGroup;
			children = (
				DB8732CA27C3368F00AF5C4E /* MVVMCoordinator.app */,
				DB8732E027C3369200AF5C4E /* MVVMCoordinatorTests.xctest */,
				DB8732EA27C3369200AF5C4E /* MVVMCoordinatorUITests.xctest */,
			);
			name = Products;
			sourceTree = "<group>";
		};
		DB8732CC27C3368F00AF5C4E /* MVVMCoordinator */ = {
			isa = PBXGroup;
			children = (
				DBAD8B4F27CDC5BC00516B26 /* Networking */,
				DBAD8B3C27CCD3D100516B26 /* View */,
				DB87330327C371D500AF5C4E /* ViewController */,
				DB87330227C371CA00AF5C4E /* ViewModel */,
				DB87330127C371BF00AF5C4E /* Model */,
				DB8732CD27C3368F00AF5C4E /* AppDelegate.swift */,
				DB8732FD27C362A800AF5C4E /* AppCoordinator.swift */,
				DB8732D327C3368F00AF5C4E /* Main.storyboard */,
				DB8732D627C3369200AF5C4E /* Assets.xcassets */,
				DB8732D827C3369200AF5C4E /* LaunchScreen.storyboard */,
				DB8732DB27C3369200AF5C4E /* Info.plist */,
			);
			path = MVVMCoordinator;
			sourceTree = "<group>";
		};
		DB8732E327C3369200AF5C4E /* MVVMCoordinatorTests */ = {
			isa = PBXGroup;
			children = (
				DB8732E427C3369200AF5C4E /* MVVMCoordinatorTests.swift */,
			);
			path = MVVMCoordinatorTests;
			sourceTree = "<group>";
		};
		DB8732ED27C3369200AF5C4E /* MVVMCoordinatorUITests */ = {
			isa = PBXGroup;
			children = (
				DB8732EE27C3369200AF5C4E /* MVVMCoordinatorUITests.swift */,
				DB8732F027C3369200AF5C4E /* MVVMCoordinatorUITestsLaunchTests.swift */,
			);
			path = MVVMCoordinatorUITests;
			sourceTree = "<group>";
		};
		DB87330127C371BF00AF5C4E /* Model */ = {
			isa = PBXGroup;
			children = (
				DB87330427C3720400AF5C4E /* SignInResponse.swift */,
				DB87330627C3726900AF5C4E /* Authentication.swift */,
				DB87330827C373C500AF5C4E /* SessionService.swift */,
				DBAD8B3627CCCB8700516B26 /* Repository.swift */,
			);
			path = Model;
			sourceTree = "<group>";
		};
		DB87330227C371CA00AF5C4E /* ViewModel */ = {
			isa = PBXGroup;
			children = (
				DBAD8B4D27CDC34100516B26 /* LanguageListViewModel.swift */,
				DBAD8B3827CCCC8700516B26 /* RepositoryListViewModel.swift */,
				DBAD8B3A27CCCCA800516B26 /* RepositoryViewModel.swift */,
				DB8732FF27C36E1200AF5C4E /* LoginViewModel.swift */,
			);
			path = ViewModel;
			sourceTree = "<group>";
		};
		DB87330327C371D500AF5C4E /* ViewController */ = {
			isa = PBXGroup;
			children = (
				DB8732D127C3368F00AF5C4E /* LoginViewController.swift */,
				DB87330A27C378A000AF5C4E /* HomeViewController.swift */,
				DBAD8B4527CCDCCE00516B26 /* LanguageListViewController.swift */,
				DBAD8B4627CCDCCE00516B26 /* LanguageListViewController.xib */,
				DBAD8B4927CCDD0A00516B26 /* RepoListViewController.swift */,
				DBAD8B4A27CCDD0A00516B26 /* RepoListViewController.xib */,
			);
			path = ViewController;
			sourceTree = "<group>";
		};
		DBAD8B3C27CCD3D100516B26 /* View */ = {
			isa = PBXGroup;
			children = (
				DBAD8B3D27CCD3F500516B26 /* RepositoryTableViewCell.swift */,
				DBAD8B3E27CCD3F500516B26 /* RepositoryTableViewCell.xib */,
				DBAD8B4127CCDC6500516B26 /* LanguageListTableViewCell.swift */,
				DBAD8B4227CCDC6500516B26 /* LanguageListTableViewCell.xib */,
			);
			path = View;
			sourceTree = "<group>";
		};
		DBAD8B4F27CDC5BC00516B26 /* Networking */ = {
			isa = PBXGroup;
			children = (
				DBAD8B5027CDC5CE00516B26 /* GithubService.swift */,
			);
			path = Networking;
			sourceTree = "<group>";
		};
/* End PBXGroup section */

/* Begin PBXNativeTarget section */
		DB8732C927C3368F00AF5C4E /* MVVMCoordinator */ = {
			isa = PBXNativeTarget;
			buildConfigurationList = DB8732F427C3369200AF5C4E /* Build configuration list for PBXNativeTarget "MVVMCoordinator" */;
			buildPhases = (
				E87462D51939E56D93B5BC4A /* [CP] Check Pods Manifest.lock */,
				DB8732C627C3368F00AF5C4E /* Sources */,
				DB8732C727C3368F00AF5C4E /* Frameworks */,
				DB8732C827C3368F00AF5C4E /* Resources */,
				AD455496642F1174C7F5395F /* [CP] Embed Pods Frameworks */,
			);
			buildRules = (
			);
			dependencies = (
			);
			name = MVVMCoordinator;
			productName = MVVMCoordinator;
			productReference = DB8732CA27C3368F00AF5C4E /* MVVMCoordinator.app */;
			productType = "com.apple.product-type.application";
		};
		DB8732DF27C3369200AF5C4E /* MVVMCoordinatorTests */ = {
			isa = PBXNativeTarget;
			buildConfigurationList = DB8732F727C3369200AF5C4E /* Build configuration list for PBXNativeTarget "MVVMCoordinatorTests" */;
			buildPhases = (
				DB8732DC27C3369200AF5C4E /* Sources */,
				DB8732DD27C3369200AF5C4E /* Frameworks */,
				DB8732DE27C3369200AF5C4E /* Resources */,
			);
			buildRules = (
			);
			dependencies = (
				DB8732E227C3369200AF5C4E /* PBXTargetDependency */,
			);
			name = MVVMCoordinatorTests;
			productName = MVVMCoordinatorTests;
			productReference = DB8732E027C3369200AF5C4E /* MVVMCoordinatorTests.xctest */;
			productType = "com.apple.product-type.bundle.unit-test";
		};
		DB8732E927C3369200AF5C4E /* MVVMCoordinatorUITests */ = {
			isa = PBXNativeTarget;
			buildConfigurationList = DB8732FA27C3369200AF5C4E /* Build configuration list for PBXNativeTarget "MVVMCoordinatorUITests" */;
			buildPhases = (
				DB8732E627C3369200AF5C4E /* Sources */,
				DB8732E727C3369200AF5C4E /* Frameworks */,
				DB8732E827C3369200AF5C4E /* Resources */,
			);
			buildRules = (
			);
			dependencies = (
				DB8732EC27C3369200AF5C4E /* PBXTargetDependency */,
			);
			name = MVVMCoordinatorUITests;
			productName = MVVMCoordinatorUITests;
			productReference = DB8732EA27C3369200AF5C4E /* MVVMCoordinatorUITests.xctest */;
			productType = "com.apple.product-type.bundle.ui-testing";
		};
/* End PBXNativeTarget section */

/* Begin PBXProject section */
		DB8732C227C3368F00AF5C4E /* Project object */ = {
			isa = PBXProject;
			attributes = {
				BuildIndependentTargetsInParallel = 1;
				LastSwiftUpdateCheck = 1320;
				LastUpgradeCheck = 1320;
				TargetAttributes = {
					DB8732C927C3368F00AF5C4E = {
						CreatedOnToolsVersion = 13.2.1;
					};
					DB8732DF27C3369200AF5C4E = {
						CreatedOnToolsVersion = 13.2.1;
						TestTargetID = DB8732C927C3368F00AF5C4E;
					};
					DB8732E927C3369200AF5C4E = {
						CreatedOnToolsVersion = 13.2.1;
						TestTargetID = DB8732C927C3368F00AF5C4E;
					};
				};
			};
			buildConfigurationList = DB8732C527C3368F00AF5C4E /* Build configuration list for PBXProject "MVVMCoordinator" */;
			compatibilityVersion = "Xcode 13.0";
			developmentRegion = en;
			hasScannedForEncodings = 0;
			knownRegions = (
				en,
				Base,
			);
			mainGroup = DB8732C127C3368F00AF5C4E;
			productRefGroup = DB8732CB27C3368F00AF5C4E /* Products */;
			projectDirPath = "";
			projectRoot = "";
			targets = (
				DB8732C927C3368F00AF5C4E /* MVVMCoordinator */,
				DB8732DF27C3369200AF5C4E /* MVVMCoordinatorTests */,
				DB8732E927C3369200AF5C4E /* MVVMCoordinatorUITests */,
			);
		};
/* End PBXProject section */

/* Begin PBXResourcesBuildPhase section */
		DB8732C827C3368F00AF5C4E /* Resources */ = {
			isa = PBXResourcesBuildPhase;
			buildActionMask = 2147483647;
			files = (
				DBAD8B4C27CCDD0A00516B26 /* RepoListViewController.xib in Resources */,
				DBAD8B4827CCDCCE00516B26 /* LanguageListViewController.xib in Resources */,
				DB8732DA27C3369200AF5C4E /* LaunchScreen.storyboard in Resources */,
				DB8732D727C3369200AF5C4E /* Assets.xcassets in Resources */,
				DBAD8B4427CCDC6500516B26 /* LanguageListTableViewCell.xib in Resources */,
				DB8732D527C3368F00AF5C4E /* Main.storyboard in Resources */,
				DBAD8B4027CCD3F500516B26 /* RepositoryTableViewCell.xib in Resources */,
			);
			runOnlyForDeploymentPostprocessing = 0;
		};
		DB8732DE27C3369200AF5C4E /* Resources */ = {
			isa = PBXResourcesBuildPhase;
			buildActionMask = 2147483647;
			files = (
			);
			runOnlyForDeploymentPostprocessing = 0;
		};
		DB8732E827C3369200AF5C4E /* Resources */ = {
			isa = PBXResourcesBuildPhase;
			buildActionMask = 2147483647;
			files = (
			);
			runOnlyForDeploymentPostprocessing = 0;
		};
/* End PBXResourcesBuildPhase section */

/* Begin PBXShellScriptBuildPhase section */
		AD455496642F1174C7F5395F /* [CP] Embed Pods Frameworks */ = {
			isa = PBXShellScriptBuildPhase;
			buildActionMask = 2147483647;
			files = (
			);
			inputFileListPaths = (
				"${PODS_ROOT}/Target Support Files/Pods-MVVMCoordinator/Pods-MVVMCoordinator-frameworks-${CONFIGURATION}-input-files.xcfilelist",
			);
			name = "[CP] Embed Pods Frameworks";
			outputFileListPaths = (
				"${PODS_ROOT}/Target Support Files/Pods-MVVMCoordinator/Pods-MVVMCoordinator-frameworks-${CONFIGURATION}-output-files.xcfilelist",
			);
			runOnlyForDeploymentPostprocessing = 0;
			shellPath = /bin/sh;
			shellScript = "\"${PODS_ROOT}/Target Support Files/Pods-MVVMCoordinator/Pods-MVVMCoordinator-frameworks.sh\"\n";
			showEnvVarsInLog = 0;
		};
		E87462D51939E56D93B5BC4A /* [CP] Check Pods Manifest.lock */ = {
			isa = PBXShellScriptBuildPhase;
			buildActionMask = 2147483647;
			files = (
			);
			inputFileListPaths = (
			);
			inputPaths = (
				"${PODS_PODFILE_DIR_PATH}/Podfile.lock",
				"${PODS_ROOT}/Manifest.lock",
			);
			name = "[CP] Check Pods Manifest.lock";
			outputFileListPaths = (
			);
			outputPaths = (
				"$(DERIVED_FILE_DIR)/Pods-MVVMCoordinator-checkManifestLockResult.txt",
			);
			runOnlyForDeploymentPostprocessing = 0;
			shellPath = /bin/sh;
			shellScript = "diff \"${PODS_PODFILE_DIR_PATH}/Podfile.lock\" \"${PODS_ROOT}/Manifest.lock\" > /dev/null\nif [ $? != 0 ] ; then\n    # print error to STDERR\n    echo \"error: The sandbox is not in sync with the Podfile.lock. Run 'pod install' or update your CocoaPods installation.\" >&2\n    exit 1\nfi\n# This output is used by Xcode 'outputs' to avoid re-running this script phase.\necho \"SUCCESS\" > \"${SCRIPT_OUTPUT_FILE_0}\"\n";
			showEnvVarsInLog = 0;
		};
/* End PBXShellScriptBuildPhase section */

/* Begin PBXSourcesBuildPhase section */
		DB8732C627C3368F00AF5C4E /* Sources */ = {
			isa = PBXSourcesBuildPhase;
			buildActionMask = 2147483647;
			files = (
				DBAD8B4727CCDCCE00516B26 /* LanguageListViewController.swift in Sources */,
				DBAD8B5127CDC5CE00516B26 /* GithubService.swift in Sources */,
				DB87330027C36E1200AF5C4E /* LoginViewModel.swift in Sources */,
				DBAD8B4E27CDC34100516B26 /* LanguageListViewModel.swift in Sources */,
				DB8732FE27C362A800AF5C4E /* AppCoordinator.swift in Sources */,
				DB87330927C373C500AF5C4E /* SessionService.swift in Sources */,
				DBAD8B3F27CCD3F500516B26 /* RepositoryTableViewCell.swift in Sources */,
				DB87330B27C378A000AF5C4E /* HomeViewController.swift in Sources */,
				DB8732D227C3368F00AF5C4E /* LoginViewController.swift in Sources */,
				DBAD8B4B27CCDD0A00516B26 /* RepoListViewController.swift in Sources */,
				DBAD8B3927CCCC8700516B26 /* RepositoryListViewModel.swift in Sources */,
				DB87330527C3720400AF5C4E /* SignInResponse.swift in Sources */,
				DB8732CE27C3368F00AF5C4E /* AppDelegate.swift in Sources */,
				DB87330727C3726900AF5C4E /* Authentication.swift in Sources */,
				DBAD8B3727CCCB8700516B26 /* Repository.swift in Sources */,
				DBAD8B3B27CCCCA800516B26 /* RepositoryViewModel.swift in Sources */,
				DBAD8B4327CCDC6500516B26 /* LanguageListTableViewCell.swift in Sources */,
			);
			runOnlyForDeploymentPostprocessing = 0;
		};
		DB8732DC27C3369200AF5C4E /* Sources */ = {
			isa = PBXSourcesBuildPhase;
			buildActionMask = 2147483647;
			files = (
				DB8732E527C3369200AF5C4E /* MVVMCoordinatorTests.swift in Sources */,
			);
			runOnlyForDeploymentPostprocessing = 0;
		};
		DB8732E627C3369200AF5C4E /* Sources */ = {
			isa = PBXSourcesBuildPhase;
			buildActionMask = 2147483647;
			files = (
				DB8732EF27C3369200AF5C4E /* MVVMCoordinatorUITests.swift in Sources */,
				DB8732F127C3369200AF5C4E /* MVVMCoordinatorUITestsLaunchTests.swift in Sources */,
			);
			runOnlyForDeploymentPostprocessing = 0;
		};
/* End PBXSourcesBuildPhase section */

/* Begin PBXTargetDependency section */
		DB8732E227C3369200AF5C4E /* PBXTargetDependency */ = {
			isa = PBXTargetDependency;
			target = DB8732C927C3368F00AF5C4E /* MVVMCoordinator */;
			targetProxy = DB8732E127C3369200AF5C4E /* PBXContainerItemProxy */;
		};
		DB8732EC27C3369200AF5C4E /* PBXTargetDependency */ = {
			isa = PBXTargetDependency;
			target = DB8732C927C3368F00AF5C4E /* MVVMCoordinator */;
			targetProxy = DB8732EB27C3369200AF5C4E /* PBXContainerItemProxy */;
		};
/* End PBXTargetDependency section */

/* Begin PBXVariantGroup section */
		DB8732D327C3368F00AF5C4E /* Main.storyboard */ = {
			isa = PBXVariantGroup;
			children = (
				DB8732D427C3368F00AF5C4E /* Base */,
			);
			name = Main.storyboard;
			sourceTree = "<group>";
		};
		DB8732D827C3369200AF5C4E /* LaunchScreen.storyboard */ = {
			isa = PBXVariantGroup;
			children = (
				DB8732D927C3369200AF5C4E /* Base */,
			);
			name = LaunchScreen.storyboard;
			sourceTree = "<group>";
		};
/* End PBXVariantGroup section */

/* Begin XCBuildConfiguration section */
		DB8732F227C3369200AF5C4E /* Debug */ = {
			isa = XCBuildConfiguration;
			buildSettings = {
				ALWAYS_SEARCH_USER_PATHS = NO;
				CLANG_ANALYZER_NONNULL = YES;
				CLANG_ANALYZER_NUMBER_OBJECT_CONVERSION = YES_AGGRESSIVE;
				CLANG_CXX_LANGUAGE_STANDARD = "gnu++17";
				CLANG_CXX_LIBRARY = "libc++";
				CLANG_ENABLE_MODULES = YES;
				CLANG_ENABLE_OBJC_ARC = YES;
				CLANG_ENABLE_OBJC_WEAK = YES;
				CLANG_WARN_BLOCK_CAPTURE_AUTORELEASING = YES;
				CLANG_WARN_BOOL_CONVERSION = YES;
				CLANG_WARN_COMMA = YES;
				CLANG_WARN_CONSTANT_CONVERSION = YES;
				CLANG_WARN_DEPRECATED_OBJC_IMPLEMENTATIONS = YES;
				CLANG_WARN_DIRECT_OBJC_ISA_USAGE = YES_ERROR;
				CLANG_WARN_DOCUMENTATION_COMMENTS = YES;
				CLANG_WARN_EMPTY_BODY = YES;
				CLANG_WARN_ENUM_CONVERSION = YES;
				CLANG_WARN_INFINITE_RECURSION = YES;
				CLANG_WARN_INT_CONVERSION = YES;
				CLANG_WARN_NON_LITERAL_NULL_CONVERSION = YES;
				CLANG_WARN_OBJC_IMPLICIT_RETAIN_SELF = YES;
				CLANG_WARN_OBJC_LITERAL_CONVERSION = YES;
				CLANG_WARN_OBJC_ROOT_CLASS = YES_ERROR;
				CLANG_WARN_QUOTED_INCLUDE_IN_FRAMEWORK_HEADER = YES;
				CLANG_WARN_RANGE_LOOP_ANALYSIS = YES;
				CLANG_WARN_STRICT_PROTOTYPES = YES;
				CLANG_WARN_SUSPICIOUS_MOVE = YES;
				CLANG_WARN_UNGUARDED_AVAILABILITY = YES_AGGRESSIVE;
				CLANG_WARN_UNREACHABLE_CODE = YES;
				CLANG_WARN__DUPLICATE_METHOD_MATCH = YES;
				COPY_PHASE_STRIP = NO;
				DEBUG_INFORMATION_FORMAT = dwarf;
				ENABLE_STRICT_OBJC_MSGSEND = YES;
				ENABLE_TESTABILITY = YES;
				GCC_C_LANGUAGE_STANDARD = gnu11;
				GCC_DYNAMIC_NO_PIC = NO;
				GCC_NO_COMMON_BLOCKS = YES;
				GCC_OPTIMIZATION_LEVEL = 0;
				GCC_PREPROCESSOR_DEFINITIONS = (
					"DEBUG=1",
					"$(inherited)",
				);
				GCC_WARN_64_TO_32_BIT_CONVERSION = YES;
				GCC_WARN_ABOUT_RETURN_TYPE = YES_ERROR;
				GCC_WARN_UNDECLARED_SELECTOR = YES;
				GCC_WARN_UNINITIALIZED_AUTOS = YES_AGGRESSIVE;
				GCC_WARN_UNUSED_FUNCTION = YES;
				GCC_WARN_UNUSED_VARIABLE = YES;
				IPHONEOS_DEPLOYMENT_TARGET = 15.2;
				MTL_ENABLE_DEBUG_INFO = INCLUDE_SOURCE;
				MTL_FAST_MATH = YES;
				ONLY_ACTIVE_ARCH = YES;
				SDKROOT = iphoneos;
				SWIFT_ACTIVE_COMPILATION_CONDITIONS = DEBUG;
				SWIFT_OPTIMIZATION_LEVEL = "-Onone";
			};
			name = Debug;
		};
		DB8732F327C3369200AF5C4E /* Release */ = {
			isa = XCBuildConfiguration;
			buildSettings = {
				ALWAYS_SEARCH_USER_PATHS = NO;
				CLANG_ANALYZER_NONNULL = YES;
				CLANG_ANALYZER_NUMBER_OBJECT_CONVERSION = YES_AGGRESSIVE;
				CLANG_CXX_LANGUAGE_STANDARD = "gnu++17";
				CLANG_CXX_LIBRARY = "libc++";
				CLANG_ENABLE_MODULES = YES;
				CLANG_ENABLE_OBJC_ARC = YES;
				CLANG_ENABLE_OBJC_WEAK = YES;
				CLANG_WARN_BLOCK_CAPTURE_AUTORELEASING = YES;
				CLANG_WARN_BOOL_CONVERSION = YES;
				CLANG_WARN_COMMA = YES;
				CLANG_WARN_CONSTANT_CONVERSION = YES;
				CLANG_WARN_DEPRECATED_OBJC_IMPLEMENTATIONS = YES;
				CLANG_WARN_DIRECT_OBJC_ISA_USAGE = YES_ERROR;
				CLANG_WARN_DOCUMENTATION_COMMENTS = YES;
				CLANG_WARN_EMPTY_BODY = YES;
				CLANG_WARN_ENUM_CONVERSION = YES;
				CLANG_WARN_INFINITE_RECURSION = YES;
				CLANG_WARN_INT_CONVERSION = YES;
				CLANG_WARN_NON_LITERAL_NULL_CONVERSION = YES;
				CLANG_WARN_OBJC_IMPLICIT_RETAIN_SELF = YES;
				CLANG_WARN_OBJC_LITERAL_CONVERSION = YES;
				CLANG_WARN_OBJC_ROOT_CLASS = YES_ERROR;
				CLANG_WARN_QUOTED_INCLUDE_IN_FRAMEWORK_HEADER = YES;
				CLANG_WARN_RANGE_LOOP_ANALYSIS = YES;
				CLANG_WARN_STRICT_PROTOTYPES = YES;
				CLANG_WARN_SUSPICIOUS_MOVE = YES;
				CLANG_WARN_UNGUARDED_AVAILABILITY = YES_AGGRESSIVE;
				CLANG_WARN_UNREACHABLE_CODE = YES;
				CLANG_WARN__DUPLICATE_METHOD_MATCH = YES;
				COPY_PHASE_STRIP = NO;
				DEBUG_INFORMATION_FORMAT = "dwarf-with-dsym";
				ENABLE_NS_ASSERTIONS = NO;
				ENABLE_STRICT_OBJC_MSGSEND = YES;
				GCC_C_LANGUAGE_STANDARD = gnu11;
				GCC_NO_COMMON_BLOCKS = YES;
				GCC_WARN_64_TO_32_BIT_CONVERSION = YES;
				GCC_WARN_ABOUT_RETURN_TYPE = YES_ERROR;
				GCC_WARN_UNDECLARED_SELECTOR = YES;
				GCC_WARN_UNINITIALIZED_AUTOS = YES_AGGRESSIVE;
				GCC_WARN_UNUSED_FUNCTION = YES;
				GCC_WARN_UNUSED_VARIABLE = YES;
				IPHONEOS_DEPLOYMENT_TARGET = 15.2;
				MTL_ENABLE_DEBUG_INFO = NO;
				MTL_FAST_MATH = YES;
				SDKROOT = iphoneos;
				SWIFT_COMPILATION_MODE = wholemodule;
				SWIFT_OPTIMIZATION_LEVEL = "-O";
				VALIDATE_PRODUCT = YES;
			};
			name = Release;
		};
		DB8732F527C3369200AF5C4E /* Debug */ = {
			isa = XCBuildConfiguration;
			baseConfigurationReference = 1FA07E08D2EF65E504EA4FC9 /* Pods-MVVMCoordinator.debug.xcconfig */;
			buildSettings = {
				ASSETCATALOG_COMPILER_APPICON_NAME = AppIcon;
				ASSETCATALOG_COMPILER_GLOBAL_ACCENT_COLOR_NAME = AccentColor;
				CODE_SIGN_STYLE = Automatic;
				CURRENT_PROJECT_VERSION = 1;
				DEVELOPMENT_TEAM = 5579AKUF8S;
				GENERATE_INFOPLIST_FILE = YES;
				INFOPLIST_FILE = MVVMCoordinator/Info.plist;
				INFOPLIST_KEY_UIApplicationSupportsIndirectInputEvents = YES;
				INFOPLIST_KEY_UILaunchStoryboardName = LaunchScreen;
				INFOPLIST_KEY_UIMainStoryboardFile = Main;
				INFOPLIST_KEY_UISupportedInterfaceOrientations_iPad = "UIInterfaceOrientationPortrait UIInterfaceOrientationPortraitUpsideDown UIInterfaceOrientationLandscapeLeft UIInterfaceOrientationLandscapeRight";
				INFOPLIST_KEY_UISupportedInterfaceOrientations_iPhone = "UIInterfaceOrientationPortrait UIInterfaceOrientationLandscapeLeft UIInterfaceOrientationLandscapeRight";
				LD_RUNPATH_SEARCH_PATHS = (
					"$(inherited)",
					"@executable_path/Frameworks",
				);
				MARKETING_VERSION = 1.0;
				PRODUCT_BUNDLE_IDENTIFIER = aaaa.9.MVVMCoordinator;
				PRODUCT_NAME = "$(TARGET_NAME)";
				SWIFT_EMIT_LOC_STRINGS = YES;
				SWIFT_VERSION = 5.0;
				TARGETED_DEVICE_FAMILY = "1,2";
			};
			name = Debug;
		};
		DB8732F627C3369200AF5C4E /* Release */ = {
			isa = XCBuildConfiguration;
			baseConfigurationReference = 4F30AA61425F7BCE83210A7F /* Pods-MVVMCoordinator.release.xcconfig */;
			buildSettings = {
				ASSETCATALOG_COMPILER_APPICON_NAME = AppIcon;
				ASSETCATALOG_COMPILER_GLOBAL_ACCENT_COLOR_NAME = AccentColor;
				CODE_SIGN_STYLE = Automatic;
				CURRENT_PROJECT_VERSION = 1;
				DEVELOPMENT_TEAM = 5579AKUF8S;
				GENERATE_INFOPLIST_FILE = YES;
				INFOPLIST_FILE = MVVMCoordinator/Info.plist;
				INFOPLIST_KEY_UIApplicationSupportsIndirectInputEvents = YES;
				INFOPLIST_KEY_UILaunchStoryboardName = LaunchScreen;
				INFOPLIST_KEY_UIMainStoryboardFile = Main;
				INFOPLIST_KEY_UISupportedInterfaceOrientations_iPad = "UIInterfaceOrientationPortrait UIInterfaceOrientationPortraitUpsideDown UIInterfaceOrientationLandscapeLeft UIInterfaceOrientationLandscapeRight";
				INFOPLIST_KEY_UISupportedInterfaceOrientations_iPhone = "UIInterfaceOrientationPortrait UIInterfaceOrientationLandscapeLeft UIInterfaceOrientationLandscapeRight";
				LD_RUNPATH_SEARCH_PATHS = (
					"$(inherited)",
					"@executable_path/Frameworks",
				);
				MARKETING_VERSION = 1.0;
				PRODUCT_BUNDLE_IDENTIFIER = aaaa.9.MVVMCoordinator;
				PRODUCT_NAME = "$(TARGET_NAME)";
				SWIFT_EMIT_LOC_STRINGS = YES;
				SWIFT_VERSION = 5.0;
				TARGETED_DEVICE_FAMILY = "1,2";
			};
			name = Release;
		};
		DB8732F827C3369200AF5C4E /* Debug */ = {
			isa = XCBuildConfiguration;
			buildSettings = {
				ALWAYS_EMBED_SWIFT_STANDARD_LIBRARIES = YES;
				BUNDLE_LOADER = "$(TEST_HOST)";
				CODE_SIGN_STYLE = Automatic;
				CURRENT_PROJECT_VERSION = 1;
				DEVELOPMENT_TEAM = 5579AKUF8S;
				GENERATE_INFOPLIST_FILE = YES;
				IPHONEOS_DEPLOYMENT_TARGET = 15.2;
				MARKETING_VERSION = 1.0;
				PRODUCT_BUNDLE_IDENTIFIER = aaaa.9.MVVMCoordinatorTests;
				PRODUCT_NAME = "$(TARGET_NAME)";
				SWIFT_EMIT_LOC_STRINGS = NO;
				SWIFT_VERSION = 5.0;
				TARGETED_DEVICE_FAMILY = "1,2";
				TEST_HOST = "$(BUILT_PRODUCTS_DIR)/MVVMCoordinator.app/MVVMCoordinator";
			};
			name = Debug;
		};
		DB8732F927C3369200AF5C4E /* Release */ = {
			isa = XCBuildConfiguration;
			buildSettings = {
				ALWAYS_EMBED_SWIFT_STANDARD_LIBRARIES = YES;
				BUNDLE_LOADER = "$(TEST_HOST)";
				CODE_SIGN_STYLE = Automatic;
				CURRENT_PROJECT_VERSION = 1;
				DEVELOPMENT_TEAM = 5579AKUF8S;
				GENERATE_INFOPLIST_FILE = YES;
				IPHONEOS_DEPLOYMENT_TARGET = 15.2;
				MARKETING_VERSION = 1.0;
				PRODUCT_BUNDLE_IDENTIFIER = aaaa.9.MVVMCoordinatorTests;
				PRODUCT_NAME = "$(TARGET_NAME)";
				SWIFT_EMIT_LOC_STRINGS = NO;
				SWIFT_VERSION = 5.0;
				TARGETED_DEVICE_FAMILY = "1,2";
				TEST_HOST = "$(BUILT_PRODUCTS_DIR)/MVVMCoordinator.app/MVVMCoordinator";
			};
			name = Release;
		};
		DB8732FB27C3369200AF5C4E /* Debug */ = {
			isa = XCBuildConfiguration;
			buildSettings = {
				ALWAYS_EMBED_SWIFT_STANDARD_LIBRARIES = YES;
				CODE_SIGN_STYLE = Automatic;
				CURRENT_PROJECT_VERSION = 1;
				DEVELOPMENT_TEAM = 5579AKUF8S;
				GENERATE_INFOPLIST_FILE = YES;
				MARKETING_VERSION = 1.0;
				PRODUCT_BUNDLE_IDENTIFIER = aaaa.9.MVVMCoordinatorUITests;
				PRODUCT_NAME = "$(TARGET_NAME)";
				SWIFT_EMIT_LOC_STRINGS = NO;
				SWIFT_VERSION = 5.0;
				TARGETED_DEVICE_FAMILY = "1,2";
				TEST_TARGET_NAME = MVVMCoordinator;
			};
			name = Debug;
		};
		DB8732FC27C3369200AF5C4E /* Release */ = {
			isa = XCBuildConfiguration;
			buildSettings = {
				ALWAYS_EMBED_SWIFT_STANDARD_LIBRARIES = YES;
				CODE_SIGN_STYLE = Automatic;
				CURRENT_PROJECT_VERSION = 1;
				DEVELOPMENT_TEAM = 5579AKUF8S;
				GENERATE_INFOPLIST_FILE = YES;
				MARKETING_VERSION = 1.0;
				PRODUCT_BUNDLE_IDENTIFIER = aaaa.9.MVVMCoordinatorUITests;
				PRODUCT_NAME = "$(TARGET_NAME)";
				SWIFT_EMIT_LOC_STRINGS = NO;
				SWIFT_VERSION = 5.0;
				TARGETED_DEVICE_FAMILY = "1,2";
				TEST_TARGET_NAME = MVVMCoordinator;
			};
			name = Release;
		};
/* End XCBuildConfiguration section */

/* Begin XCConfigurationList section */
		DB8732C527C3368F00AF5C4E /* Build configuration list for PBXProject "MVVMCoordinator" */ = {
			isa = XCConfigurationList;
			buildConfigurations = (
				DB8732F227C3369200AF5C4E /* Debug */,
				DB8732F327C3369200AF5C4E /* Release */,
			);
			defaultConfigurationIsVisible = 0;
			defaultConfigurationName = Release;
		};
		DB8732F427C3369200AF5C4E /* Build configuration list for PBXNativeTarget "MVVMCoordinator" */ = {
			isa = XCConfigurationList;
			buildConfigurations = (
				DB8732F527C3369200AF5C4E /* Debug */,
				DB8732F627C3369200AF5C4E /* Release */,
			);
			defaultConfigurationIsVisible = 0;
			defaultConfigurationName = Release;
		};
		DB8732F727C3369200AF5C4E /* Build configuration list for PBXNativeTarget "MVVMCoordinatorTests" */ = {
			isa = XCConfigurationList;
			buildConfigurations = (
				DB8732F827C3369200AF5C4E /* Debug */,
				DB8732F927C3369200AF5C4E /* Release */,
			);
			defaultConfigurationIsVisible = 0;
			defaultConfigurationName = Release;
		};
		DB8732FA27C3369200AF5C4E /* Build configuration list for PBXNativeTarget "MVVMCoordinatorUITests" */ = {
			isa = XCConfigurationList;
			buildConfigurations = (
				DB8732FB27C3369200AF5C4E /* Debug */,
				DB8732FC27C3369200AF5C4E /* Release */,
			);
			defaultConfigurationIsVisible = 0;
			defaultConfigurationName = Release;
		};
/* End XCConfigurationList section */
	};
	rootObject = DB8732C227C3368F00AF5C4E /* Project object */;
}
